<Solution>
  <Folder Name="/src/">
    <Project Path="src/PlugLauncher.App/PlugLauncher.App.csproj" />
    <Project Path="src/PlugLauncher.Contracts/PlugLauncher.Contracts.csproj" />
    <Project Path="src/PlugLauncher.Core/PlugLauncher.Core.csproj" />
    <Project Path="src/PlugLauncher.Platform/PlugLauncher.Platform.csproj" />
  </Folder>
</Solution>
